{
    "name": "find-on-reddit",
    "version": "1.5.5",
    "dependencies": {
        "handlebars": {
            "version": "4.7.7",
            "resolved": "file:./handlebars.min.js"
        },
        "bootstrap": {
            "version": "3.3.7",
            "resolved": "file:./bootstrap.min.js"
        }
    }
}